
Microsoft Visual Studio Solution File, Format Version 12.00
# Visual Studio Version 16
VisualStudioVersion = 16.0.30523.141
MinimumVisualStudioVersion = 10.0.40219.1
Project("{9A19103F-16F7-4668-BE54-9A1E7A4F7556}") = "MyProject.WebAPI", "MyProject\MyProject.WebAPI.csproj", "{B3F7B0DD-1C55-4EBC-9714-68812A4FBAEE}"
EndProject
Project("{9A19103F-16F7-4668-BE54-9A1E7A4F7556}") = "MyProject.Security", "MyProject.Security\MyProject.Security.csproj", "{845247F9-F207-4A13-9D6F-A5F323E9AD42}"
EndProject
Project("{9A19103F-16F7-4668-BE54-9A1E7A4F7556}") = "MyProject.Entities", "MyProject.DataAccess\MyProject.Entities.csproj", "{5A71975E-D4F3-400D-B60D-0A1790417980}"
EndProject
Project("{FAE04EC0-301F-11D3-BF4B-00C04F79EFBC}") = "MyProject.Repository", "Repository\MyProject.Repository.csproj", "{224979AA-63E2-4E14-BF1F-7AC7C71863C6}"
EndProject
Project("{FAE04EC0-301F-11D3-BF4B-00C04F79EFBC}") = "MyProject.Contracts", "MyProject.Contracts\MyProject.Contracts.csproj", "{5A30BD59-9D93-42D4-BABE-FC6922643666}"
EndProject
Global
	GlobalSection(SolutionConfigurationPlatforms) = preSolution
		Debug|Any CPU = Debug|Any CPU
		Release|Any CPU = Release|Any CPU
	EndGlobalSection
	GlobalSection(ProjectConfigurationPlatforms) = postSolution
		{B3F7B0DD-1C55-4EBC-9714-68812A4FBAEE}.Debug|Any CPU.ActiveCfg = Debug|Any CPU
		{B3F7B0DD-1C55-4EBC-9714-68812A4FBAEE}.Debug|Any CPU.Build.0 = Debug|Any CPU
		{B3F7B0DD-1C55-4EBC-9714-68812A4FBAEE}.Release|Any CPU.ActiveCfg = Release|Any CPU
		{B3F7B0DD-1C55-4EBC-9714-68812A4FBAEE}.Release|Any CPU.Build.0 = Release|Any CPU
		{845247F9-F207-4A13-9D6F-A5F323E9AD42}.Debug|Any CPU.ActiveCfg = Debug|Any CPU
		{845247F9-F207-4A13-9D6F-A5F323E9AD42}.Debug|Any CPU.Build.0 = Debug|Any CPU
		{845247F9-F207-4A13-9D6F-A5F323E9AD42}.Release|Any CPU.ActiveCfg = Release|Any CPU
		{845247F9-F207-4A13-9D6F-A5F323E9AD42}.Release|Any CPU.Build.0 = Release|Any CPU
		{5A71975E-D4F3-400D-B60D-0A1790417980}.Debug|Any CPU.ActiveCfg = Debug|Any CPU
		{5A71975E-D4F3-400D-B60D-0A1790417980}.Debug|Any CPU.Build.0 = Debug|Any CPU
		{5A71975E-D4F3-400D-B60D-0A1790417980}.Release|Any CPU.ActiveCfg = Release|Any CPU
		{5A71975E-D4F3-400D-B60D-0A1790417980}.Release|Any CPU.Build.0 = Release|Any CPU
		{224979AA-63E2-4E14-BF1F-7AC7C71863C6}.Debug|Any CPU.ActiveCfg = Debug|Any CPU
		{224979AA-63E2-4E14-BF1F-7AC7C71863C6}.Debug|Any CPU.Build.0 = Debug|Any CPU
		{224979AA-63E2-4E14-BF1F-7AC7C71863C6}.Release|Any CPU.ActiveCfg = Release|Any CPU
		{224979AA-63E2-4E14-BF1F-7AC7C71863C6}.Release|Any CPU.Build.0 = Release|Any CPU
		{5A30BD59-9D93-42D4-BABE-FC6922643666}.Debug|Any CPU.ActiveCfg = Debug|Any CPU
		{5A30BD59-9D93-42D4-BABE-FC6922643666}.Debug|Any CPU.Build.0 = Debug|Any CPU
		{5A30BD59-9D93-42D4-BABE-FC6922643666}.Release|Any CPU.ActiveCfg = Release|Any CPU
		{5A30BD59-9D93-42D4-BABE-FC6922643666}.Release|Any CPU.Build.0 = Release|Any CPU
	EndGlobalSection
	GlobalSection(SolutionProperties) = preSolution
		HideSolutionNode = FALSE
	EndGlobalSection
	GlobalSection(ExtensibilityGlobals) = postSolution
		SolutionGuid = {0A126F01-26B9-4BA3-9582-D8398DC86059}
	EndGlobalSection
EndGlobal
